
Microsoft Visual Studio Solution File, Format Version 12.00
# Visual Studio Version 17
VisualStudioVersion = 17.2.32519.379
MinimumVisualStudioVersion = 10.0.40219.1
Project("{FAE04EC0-301F-11D3-BF4B-00C04F79EFBC}") = "OnlineSupplyChainManagementSystem", "OnlineSupplyChainManagementSystem.csproj", "{326F1EB8-3ED7-4FEF-A8D2-BFC606632389}"
EndProject
Global
	GlobalSection(SolutionConfigurationPlatforms) = preSolution
		Debug|Any CPU = Debug|Any CPU
		Release|Any CPU = Release|Any CPU
	EndGlobalSection
	GlobalSection(ProjectConfigurationPlatforms) = postSolution
		{326F1EB8-3ED7-4FEF-A8D2-BFC606632389}.Debug|Any CPU.ActiveCfg = Debug|Any CPU
		{326F1EB8-3ED7-4FEF-A8D2-BFC606632389}.Debug|Any CPU.Build.0 = Debug|Any CPU
		{326F1EB8-3ED7-4FEF-A8D2-BFC606632389}.Release|Any CPU.ActiveCfg = Release|Any CPU
		{326F1EB8-3ED7-4FEF-A8D2-BFC606632389}.Release|Any CPU.Build.0 = Release|Any CPU
	EndGlobalSection
	GlobalSection(SolutionProperties) = preSolution
		HideSolutionNode = FALSE
	EndGlobalSection
	GlobalSection(ExtensibilityGlobals) = postSolution
		SolutionGuid = {088BB097-D40C-46DC-AA42-306BAE5320BC}
	EndGlobalSection
EndGlobal
